<Solution>
  <Folder Name="/desktop/">
    <Project Path="desktop/Lms.Desktop.csproj" />
  </Folder>
  <Folder Name="/libs/">
    <Project Path="libs/Lms.Application/Lms.Application.csproj" />
  </Folder>
  <Folder Name="/tests/">
    <Project Path="Lms.Tests/Lms.Tests.csproj" />
  </Folder>
</Solution>
