<Solution>
  <Folder Name="/cli/">
    <Project Path="cli/Lms.Cli.csproj" />
  </Folder>
  <Folder Name="/libs/">
    <Project Path="libs/Lms.Domain/Lms.Domain.csproj" />
  </Folder>
  <Folder Name="/tests/">
    <Project Path="tests/Lms.Domain.Tests/Lms.Domain.Tests.csproj" />
  </Folder>
</Solution>
